
Microsoft Visual Studio Solution File, Format Version 12.00
# Visual Studio 15
VisualStudioVersion = 15.0.28010.2036
MinimumVisualStudioVersion = 10.0.40219.1
Project("{FAE04EC0-301F-11D3-BF4B-00C04F79EFBC}") = "ChangeFilesAVIL", "ChangeFilesAVIL\ChangeFilesAVIL.csproj", "{D011E58F-69AC-401E-8F63-E23FC19DCCF7}"
EndProject
Global
	GlobalSection(SolutionConfigurationPlatforms) = preSolution
		Debug|Any CPU = Debug|Any CPU
		Release|Any CPU = Release|Any CPU
	EndGlobalSection
	GlobalSection(ProjectConfigurationPlatforms) = postSolution
		{D011E58F-69AC-401E-8F63-E23FC19DCCF7}.Debug|Any CPU.ActiveCfg = Debug|Any CPU
		{D011E58F-69AC-401E-8F63-E23FC19DCCF7}.Debug|Any CPU.Build.0 = Debug|Any CPU
		{D011E58F-69AC-401E-8F63-E23FC19DCCF7}.Release|Any CPU.ActiveCfg = Release|Any CPU
		{D011E58F-69AC-401E-8F63-E23FC19DCCF7}.Release|Any CPU.Build.0 = Release|Any CPU
	EndGlobalSection
	GlobalSection(SolutionProperties) = preSolution
		HideSolutionNode = FALSE
	EndGlobalSection
	GlobalSection(ExtensibilityGlobals) = postSolution
		SolutionGuid = {A1C1A229-C69B-4B32-BA61-FFFF33152B12}
	EndGlobalSection
EndGlobal
